
Microsoft Visual Studio Solution File, Format Version 12.00
# Visual Studio Version 16
VisualStudioVersion = 16.0.29806.167
MinimumVisualStudioVersion = 10.0.40219.1
Project("{FAE04EC0-301F-11D3-BF4B-00C04F79EFBC}") = "CocktailDB_IngredientList.Android", "CocktailDB_IngredientList\CocktailDB_IngredientList.Android\CocktailDB_IngredientList.Android.csproj", "{4E9D990F-9C95-41EC-9256-6D97EAD221F0}"
EndProject
Project("{FAE04EC0-301F-11D3-BF4B-00C04F79EFBC}") = "CocktailDB_IngredientList.iOS", "CocktailDB_IngredientList\CocktailDB_IngredientList.iOS\CocktailDB_IngredientList.iOS.csproj", "{3ADF16F8-175C-4F78-99A8-FC95835886C2}"
EndProject
Project("{FAE04EC0-301F-11D3-BF4B-00C04F79EFBC}") = "CocktailDB_IngredientList", "CocktailDB_IngredientList\CocktailDB_IngredientList\CocktailDB_IngredientList.csproj", "{D5FED709-E9B4-48CB-91EA-BFE50FBA2B4A}"
EndProject
Global
	GlobalSection(SolutionConfigurationPlatforms) = preSolution
		Debug|Any CPU = Debug|Any CPU
		Debug|iPhone = Debug|iPhone
		Debug|iPhoneSimulator = Debug|iPhoneSimulator
		Release|Any CPU = Release|Any CPU
		Release|iPhone = Release|iPhone
		Release|iPhoneSimulator = Release|iPhoneSimulator
	EndGlobalSection
	GlobalSection(ProjectConfigurationPlatforms) = postSolution
		{4E9D990F-9C95-41EC-9256-6D97EAD221F0}.Debug|Any CPU.ActiveCfg = Debug|Any CPU
		{4E9D990F-9C95-41EC-9256-6D97EAD221F0}.Debug|Any CPU.Build.0 = Debug|Any CPU
		{4E9D990F-9C95-41EC-9256-6D97EAD221F0}.Debug|Any CPU.Deploy.0 = Debug|Any CPU
		{4E9D990F-9C95-41EC-9256-6D97EAD221F0}.Debug|iPhone.ActiveCfg = Debug|Any CPU
		{4E9D990F-9C95-41EC-9256-6D97EAD221F0}.Debug|iPhone.Build.0 = Debug|Any CPU
		{4E9D990F-9C95-41EC-9256-6D97EAD221F0}.Debug|iPhone.Deploy.0 = Debug|Any CPU
		{4E9D990F-9C95-41EC-9256-6D97EAD221F0}.Debug|iPhoneSimulator.ActiveCfg = Debug|Any CPU
		{4E9D990F-9C95-41EC-9256-6D97EAD221F0}.Debug|iPhoneSimulator.Build.0 = Debug|Any CPU
		{4E9D990F-9C95-41EC-9256-6D97EAD221F0}.Debug|iPhoneSimulator.Deploy.0 = Debug|Any CPU
		{4E9D990F-9C95-41EC-9256-6D97EAD221F0}.Release|Any CPU.ActiveCfg = Release|Any CPU
		{4E9D990F-9C95-41EC-9256-6D97EAD221F0}.Release|Any CPU.Build.0 = Release|Any CPU
		{4E9D990F-9C95-41EC-9256-6D97EAD221F0}.Release|Any CPU.Deploy.0 = Release|Any CPU
		{4E9D990F-9C95-41EC-9256-6D97EAD221F0}.Release|iPhone.ActiveCfg = Release|Any CPU
		{4E9D990F-9C95-41EC-9256-6D97EAD221F0}.Release|iPhone.Build.0 = Release|Any CPU
		{4E9D990F-9C95-41EC-9256-6D97EAD221F0}.Release|iPhone.Deploy.0 = Release|Any CPU
		{4E9D990F-9C95-41EC-9256-6D97EAD221F0}.Release|iPhoneSimulator.ActiveCfg = Release|Any CPU
		{4E9D990F-9C95-41EC-9256-6D97EAD221F0}.Release|iPhoneSimulator.Build.0 = Release|Any CPU
		{4E9D990F-9C95-41EC-9256-6D97EAD221F0}.Release|iPhoneSimulator.Deploy.0 = Release|Any CPU
		{3ADF16F8-175C-4F78-99A8-FC95835886C2}.Debug|Any CPU.ActiveCfg = Debug|iPhoneSimulator
		{3ADF16F8-175C-4F78-99A8-FC95835886C2}.Debug|Any CPU.Build.0 = Debug|iPhoneSimulator
		{3ADF16F8-175C-4F78-99A8-FC95835886C2}.Debug|Any CPU.Deploy.0 = Debug|iPhoneSimulator
		{3ADF16F8-175C-4F78-99A8-FC95835886C2}.Debug|iPhone.ActiveCfg = Debug|iPhone
		{3ADF16F8-175C-4F78-99A8-FC95835886C2}.Debug|iPhone.Build.0 = Debug|iPhone
		{3ADF16F8-175C-4F78-99A8-FC95835886C2}.Debug|iPhone.Deploy.0 = Debug|iPhone
		{3ADF16F8-175C-4F78-99A8-FC95835886C2}.Debug|iPhoneSimulator.ActiveCfg = Debug|iPhoneSimulator
		{3ADF16F8-175C-4F78-99A8-FC95835886C2}.Debug|iPhoneSimulator.Build.0 = Debug|iPhoneSimulator
		{3ADF16F8-175C-4F78-99A8-FC95835886C2}.Debug|iPhoneSimulator.Deploy.0 = Debug|iPhoneSimulator
		{3ADF16F8-175C-4F78-99A8-FC95835886C2}.Release|Any CPU.ActiveCfg = Release|iPhone
		{3ADF16F8-175C-4F78-99A8-FC95835886C2}.Release|Any CPU.Build.0 = Release|iPhone
		{3ADF16F8-175C-4F78-99A8-FC95835886C2}.Release|Any CPU.Deploy.0 = Release|iPhone
		{3ADF16F8-175C-4F78-99A8-FC95835886C2}.Release|iPhone.ActiveCfg = Release|iPhone
		{3ADF16F8-175C-4F78-99A8-FC95835886C2}.Release|iPhone.Build.0 = Release|iPhone
		{3ADF16F8-175C-4F78-99A8-FC95835886C2}.Release|iPhone.Deploy.0 = Release|iPhone
		{3ADF16F8-175C-4F78-99A8-FC95835886C2}.Release|iPhoneSimulator.ActiveCfg = Release|iPhoneSimulator
		{3ADF16F8-175C-4F78-99A8-FC95835886C2}.Release|iPhoneSimulator.Build.0 = Release|iPhoneSimulator
		{3ADF16F8-175C-4F78-99A8-FC95835886C2}.Release|iPhoneSimulator.Deploy.0 = Release|iPhoneSimulator
		{D5FED709-E9B4-48CB-91EA-BFE50FBA2B4A}.Debug|Any CPU.ActiveCfg = Debug|Any CPU
		{D5FED709-E9B4-48CB-91EA-BFE50FBA2B4A}.Debug|Any CPU.Build.0 = Debug|Any CPU
		{D5FED709-E9B4-48CB-91EA-BFE50FBA2B4A}.Debug|Any CPU.Deploy.0 = Debug|Any CPU
		{D5FED709-E9B4-48CB-91EA-BFE50FBA2B4A}.Debug|iPhone.ActiveCfg = Debug|Any CPU
		{D5FED709-E9B4-48CB-91EA-BFE50FBA2B4A}.Debug|iPhone.Build.0 = Debug|Any CPU
		{D5FED709-E9B4-48CB-91EA-BFE50FBA2B4A}.Debug|iPhone.Deploy.0 = Debug|Any CPU
		{D5FED709-E9B4-48CB-91EA-BFE50FBA2B4A}.Debug|iPhoneSimulator.ActiveCfg = Debug|Any CPU
		{D5FED709-E9B4-48CB-91EA-BFE50FBA2B4A}.Debug|iPhoneSimulator.Build.0 = Debug|Any CPU
		{D5FED709-E9B4-48CB-91EA-BFE50FBA2B4A}.Debug|iPhoneSimulator.Deploy.0 = Debug|Any CPU
		{D5FED709-E9B4-48CB-91EA-BFE50FBA2B4A}.Release|Any CPU.ActiveCfg = Release|Any CPU
		{D5FED709-E9B4-48CB-91EA-BFE50FBA2B4A}.Release|Any CPU.Build.0 = Release|Any CPU
		{D5FED709-E9B4-48CB-91EA-BFE50FBA2B4A}.Release|Any CPU.Deploy.0 = Release|Any CPU
		{D5FED709-E9B4-48CB-91EA-BFE50FBA2B4A}.Release|iPhone.ActiveCfg = Release|Any CPU
		{D5FED709-E9B4-48CB-91EA-BFE50FBA2B4A}.Release|iPhone.Build.0 = Release|Any CPU
		{D5FED709-E9B4-48CB-91EA-BFE50FBA2B4A}.Release|iPhone.Deploy.0 = Release|Any CPU
		{D5FED709-E9B4-48CB-91EA-BFE50FBA2B4A}.Release|iPhoneSimulator.ActiveCfg = Release|Any CPU
		{D5FED709-E9B4-48CB-91EA-BFE50FBA2B4A}.Release|iPhoneSimulator.Build.0 = Release|Any CPU
		{D5FED709-E9B4-48CB-91EA-BFE50FBA2B4A}.Release|iPhoneSimulator.Deploy.0 = Release|Any CPU
	EndGlobalSection
	GlobalSection(SolutionProperties) = preSolution
		HideSolutionNode = FALSE
	EndGlobalSection
	GlobalSection(ExtensibilityGlobals) = postSolution
		SolutionGuid = {BEEFE5B7-81A0-42DB-B234-31A4D34574AB}
	EndGlobalSection
EndGlobal
